<Solution>
  <Project Path="i:/Coding/Packages/Ametrin.NBT/Ametrin.NBT.Explorer/Ametrin.NBT.Explorer.csproj" />
  <Project Path="i:/Coding/Packages/Ametrin.NBT/Ametrin.NBT.Test/Ametrin.NBT.Test.csproj" />
  <Project Path="i:/Coding/Packages/Ametrin.NBT/Ametrin.NBT/Ametrin.NBT.csproj" />
</Solution>
